
Microsoft Visual Studio Solution File, Format Version 12.00
# Visual Studio 2015
Project("{FAE04EC0-301F-11D3-BF4B-00C04F79EFBC}") = "Bumpercars.CSharp.Plugins", "Bumpercars.CSharp.Plugins.csproj", "{FA352EB6-7C35-DE41-A835-85313201B000}"
EndProject
Project("{FAE04EC0-301F-11D3-BF4B-00C04F79EFBC}") = "Bumpercars.CSharp", "Bumpercars.CSharp.csproj", "{F9BC3040-F01D-AE62-059A-5130F6C914E1}"
EndProject
Project("{FAE04EC0-301F-11D3-BF4B-00C04F79EFBC}") = "Bumpercars.CSharp.Editor", "Bumpercars.CSharp.Editor.csproj", "{C4EA0BC8-CB60-9BE4-312D-239189363F8A}"
EndProject
Global
	GlobalSection(SolutionConfigurationPlatforms) = preSolution
		Debug|Any CPU = Debug|Any CPU
		Release|Any CPU = Release|Any CPU
	EndGlobalSection
	GlobalSection(ProjectConfigurationPlatforms) = postSolution
		{FA352EB6-7C35-DE41-A835-85313201B000}.Debug|Any CPU.ActiveCfg = Debug|Any CPU
		{FA352EB6-7C35-DE41-A835-85313201B000}.Debug|Any CPU.Build.0 = Debug|Any CPU
		{FA352EB6-7C35-DE41-A835-85313201B000}.Release|Any CPU.ActiveCfg = Release|Any CPU
		{FA352EB6-7C35-DE41-A835-85313201B000}.Release|Any CPU.Build.0 = Release|Any CPU
		{F9BC3040-F01D-AE62-059A-5130F6C914E1}.Debug|Any CPU.ActiveCfg = Debug|Any CPU
		{F9BC3040-F01D-AE62-059A-5130F6C914E1}.Debug|Any CPU.Build.0 = Debug|Any CPU
		{F9BC3040-F01D-AE62-059A-5130F6C914E1}.Release|Any CPU.ActiveCfg = Release|Any CPU
		{F9BC3040-F01D-AE62-059A-5130F6C914E1}.Release|Any CPU.Build.0 = Release|Any CPU
		{C4EA0BC8-CB60-9BE4-312D-239189363F8A}.Debug|Any CPU.ActiveCfg = Debug|Any CPU
		{C4EA0BC8-CB60-9BE4-312D-239189363F8A}.Debug|Any CPU.Build.0 = Debug|Any CPU
		{C4EA0BC8-CB60-9BE4-312D-239189363F8A}.Release|Any CPU.ActiveCfg = Release|Any CPU
		{C4EA0BC8-CB60-9BE4-312D-239189363F8A}.Release|Any CPU.Build.0 = Release|Any CPU
	EndGlobalSection
	GlobalSection(SolutionProperties) = preSolution
		HideSolutionNode = FALSE
	EndGlobalSection
EndGlobal
